<?xml version="1.0" encoding="utf-8"?>
<Project ToolsVersion="4.0" xmlns="http://schemas.microsoft.com/developer/msbuild/2003">
  <ItemGroup>
    <Filter Include="App">
      <UniqueIdentifier>{1a408da6-0680-4526-b554-d8ef0396a453}</UniqueIdentifier>
    </Filter>
    <Filter Include="GameEngine">
      <UniqueIdentifier>{a2ad8679-daa2-44c9-866c-2cb45a29dea8}</UniqueIdentifier>
    </Filter>
    <Filter Include="GameEngine\WindowingSystem">
      <UniqueIdentifier>{43cc20a3-2537-4797-b70a-3255a3ba20ae}</UniqueIdentifier>
    </Filter>
    <Filter Include="GameEngine\GraphicsEngine">
      <UniqueIdentifier>{99fe66f0-ab12-4894-921e-46ab45e668bc}</UniqueIdentifier>
    </Filter>
    <Filter Include="GameEngine\GraphicsEngine\SwapChain">
      <UniqueIdentifier>{f6db385c-9076-4ba5-a7c6-678ac526f162}</UniqueIdentifier>
    </Filter>
    <Filter Include="GameEngine\GraphicsEngine\DeviceContext">
      <UniqueIdentifier>{728bd3d0-a20d-48de-bcfc-c30fdf507a13}</UniqueIdentifier>
    </Filter>
    <Filter Include="GameEngine\GraphicsEngine\VertexBuffer">
      <UniqueIdentifier>{62315a89-87e9-4856-b988-b2979c6d698f}</UniqueIdentifier>
    </Filter>
    <Filter Include="GameEngine\GraphicsEngine\VertexShader">
      <UniqueIdentifier>{1ccb4e5e-1b06-4f07-82e7-70610687a00b}</UniqueIdentifier>
    </Filter>
    <Filter Include="GameEngine\GraphicsEngine\PixelShader">
      <UniqueIdentifier>{c1b77d0a-7f3a-4c15-be5d-74c13f9bb28e}</UniqueIdentifier>
    </Filter>
    <Filter Include="GameEngine\GraphicsEngine\Constant Buffer">
      <UniqueIdentifier>{e19a6fb5-670f-4d2e-a467-ff803b9402b8}</UniqueIdentifier>
    </Filter>
    <Filter Include="GameEngine\EngineTime">
      <UniqueIdentifier>{5e60ba94-af2e-437a-923e-a2e31d2cff0e}</UniqueIdentifier>
    </Filter>
    <Filter Include="GameEngine\Shaders">
      <UniqueIdentifier>{7264da95-9dcb-4700-9e5b-cb38e3b86258}</UniqueIdentifier>
    </Filter>
    <Filter Include="GameEngine\ImGui">
      <UniqueIdentifier>{70ceca37-42ce-4376-80d6-e59e9c9dba9d}</UniqueIdentifier>
    </Filter>
    <Filter Include="GameEngine\GraphicsEngine\Math">
      <UniqueIdentifier>{06836cd2-3e2b-48c8-a83a-d5fe7ee5a36f}</UniqueIdentifier>
    </Filter>
    <Filter Include="GameEngine\GraphicsEngine\Primitives">
      <UniqueIdentifier>{cf4532ec-310a-4c13-aad9-6aced040e34e}</UniqueIdentifier>
    </Filter>
    <Filter Include="GameEngine\ImGui\Libraries">
      <UniqueIdentifier>{7fa90705-079d-4d0a-91ea-09cbd92d6481}</UniqueIdentifier>
    </Filter>
    <Filter Include="GameEngine\ImGui\Class">
      <UniqueIdentifier>{6cb28a67-1fa4-4bb2-bef7-4a74c7f058fe}</UniqueIdentifier>
    </Filter>
    <Filter Include="GameEngine\IndexBuffer">
      <UniqueIdentifier>{3d686601-0a8b-42e7-845a-bf3c611998c1}</UniqueIdentifier>
    </Filter>
    <Filter Include="GameEngine\InputSystem">
      <UniqueIdentifier>{1e819c72-91c9-45ab-bef2-cb1ac662d47f}</UniqueIdentifier>
    </Filter>
    <Filter Include="GameEngine\GraphicsEngine\Camera">
      <UniqueIdentifier>{c2654fea-7b1c-49bb-985e-bb79545f4e6d}</UniqueIdentifier>
    </Filter>
    <Filter Include="GameEngine\User Interface">
      <UniqueIdentifier>{21931827-591f-4554-ba34-c6422b95ee8d}</UniqueIdentifier>
    </Filter>
    <Filter Include="GameEngine\User Interface\Screen">
      <UniqueIdentifier>{1becb7da-ecbc-43c7-af87-893d75434e62}</UniqueIdentifier>
    </Filter>
    <Filter Include="GameEngine\Helper">
      <UniqueIdentifier>{1d5cdb71-748a-49ea-a4c7-1a2931a8d3ac}</UniqueIdentifier>
    </Filter>
  </ItemGroup>
  <ItemGroup>
    <ClCompile Include="AppWindow.cpp">
      <Filter>App</Filter>
    </ClCompile>
    <ClCompile Include="main.cpp">
      <Filter>App</Filter>
    </ClCompile>
    <ClCompile Include="Window.cpp">
      <Filter>GameEngine\WindowingSystem</Filter>
    </ClCompile>
    <ClCompile Include="GraphicsEngine.cpp">
      <Filter>GameEngine\GraphicsEngine</Filter>
    </ClCompile>
    <ClCompile Include="SwapChain.cpp">
      <Filter>GameEngine\GraphicsEngine\SwapChain</Filter>
    </ClCompile>
    <ClCompile Include="DeviceContext.cpp">
      <Filter>GameEngine\GraphicsEngine\DeviceContext</Filter>
    </ClCompile>
    <ClCompile Include="VertexBuffer.cpp">
      <Filter>GameEngine\GraphicsEngine\VertexBuffer</Filter>
    </ClCompile>
    <ClCompile Include="VertexShader.cpp">
      <Filter>GameEngine\GraphicsEngine\VertexShader</Filter>
    </ClCompile>
    <ClCompile Include="PixelShader.cpp">
      <Filter>GameEngine\GraphicsEngine\PixelShader</Filter>
    </ClCompile>
    <ClCompile Include="EngineTime.cpp">
      <Filter>GameEngine\EngineTime</Filter>
    </ClCompile>
    <ClCompile Include="ConstantBuffer.cpp">
      <Filter>GameEngine\GraphicsEngine\Constant Buffer</Filter>
    </ClCompile>
    <ClCompile Include="Matrix4x4.cpp">
      <Filter>GameEngine\GraphicsEngine\Math</Filter>
    </ClCompile>
    <ClCompile Include="Quad.cpp">
      <Filter>GameEngine\GraphicsEngine\Primitives</Filter>
    </ClCompile>
    <ClCompile Include="imgui.cpp">
      <Filter>GameEngine\ImGui\Libraries</Filter>
    </ClCompile>
    <ClCompile Include="imgui_draw.cpp">
      <Filter>GameEngine\ImGui\Libraries</Filter>
    </ClCompile>
    <ClCompile Include="imgui_impl_dx11.cpp">
      <Filter>GameEngine\ImGui\Libraries</Filter>
    </ClCompile>
    <ClCompile Include="imgui_impl_win32.cpp">
      <Filter>GameEngine\ImGui\Libraries</Filter>
    </ClCompile>
    <ClCompile Include="imgui_tables.cpp">
      <Filter>GameEngine\ImGui\Libraries</Filter>
    </ClCompile>
    <ClCompile Include="imgui_widgets.cpp">
      <Filter>GameEngine\ImGui\Libraries</Filter>
    </ClCompile>
    <ClCompile Include="DebugWindow.cpp">
      <Filter>GameEngine\ImGui\Class</Filter>
    </ClCompile>
    <ClCompile Include="IndexBuffer.cpp">
      <Filter>GameEngine\IndexBuffer</Filter>
    </ClCompile>
    <ClCompile Include="AGameObject.cpp">
      <Filter>GameEngine\GraphicsEngine\Primitives</Filter>
    </ClCompile>
    <ClCompile Include="Cube.cpp">
      <Filter>GameEngine\GraphicsEngine\Primitives</Filter>
    </ClCompile>
    <ClCompile Include="InputSystem.cpp">
      <Filter>GameEngine\InputSystem</Filter>
    </ClCompile>
    <ClCompile Include="Camera.cpp" />
    <ClCompile Include="SceneCameraHandler.cpp" />
    <ClCompile Include="Plane.cpp">
      <Filter>GameEngine\GraphicsEngine\Primitives</Filter>
    </ClCompile>
    <ClCompile Include="UIManager.cpp">
      <Filter>GameEngine\User Interface</Filter>
    </ClCompile>
    <ClCompile Include="AUIScreen.cpp">
      <Filter>GameEngine\User Interface</Filter>
    </ClCompile>
    <ClCompile Include="EditorScreen.cpp">
      <Filter>GameEngine\User Interface\Screen</Filter>
    </ClCompile>
    <ClCompile Include="ColorPickerScreen.cpp">
      <Filter>GameEngine\User Interface\Screen</Filter>
    </ClCompile>
    <ClCompile Include="CreditScreen.cpp" />
  </ItemGroup>
  <ItemGroup>
    <ClInclude Include="AppWindow.h">
      <Filter>App</Filter>
    </ClInclude>
    <ClInclude Include="Window.h">
      <Filter>GameEngine\WindowingSystem</Filter>
    </ClInclude>
    <ClInclude Include="GraphicsEngine.h">
      <Filter>GameEngine\GraphicsEngine</Filter>
    </ClInclude>
    <ClInclude Include="SwapChain.h">
      <Filter>GameEngine\GraphicsEngine\SwapChain</Filter>
    </ClInclude>
    <ClInclude Include="DeviceContext.h">
      <Filter>GameEngine\GraphicsEngine\DeviceContext</Filter>
    </ClInclude>
    <ClInclude Include="VertexBuffer.h">
      <Filter>GameEngine\GraphicsEngine\VertexBuffer</Filter>
    </ClInclude>
    <ClInclude Include="VertexShader.h">
      <Filter>GameEngine\GraphicsEngine\VertexShader</Filter>
    </ClInclude>
    <ClInclude Include="PixelShader.h">
      <Filter>GameEngine\GraphicsEngine\PixelShader</Filter>
    </ClInclude>
    <ClInclude Include="EngineTime.h">
      <Filter>GameEngine\EngineTime</Filter>
    </ClInclude>
    <ClInclude Include="ConstantBuffer.h">
      <Filter>GameEngine\GraphicsEngine\Constant Buffer</Filter>
    </ClInclude>
    <ClInclude Include="Matrix4x4.h">
      <Filter>GameEngine\GraphicsEngine\Math</Filter>
    </ClInclude>
    <ClInclude Include="Vector3D.h">
      <Filter>GameEngine\GraphicsEngine\Math</Filter>
    </ClInclude>
    <ClInclude Include="VertexClass.h">
      <Filter>GameEngine\GraphicsEngine\Math</Filter>
    </ClInclude>
    <ClInclude Include="Quad.h">
      <Filter>GameEngine\GraphicsEngine\Primitives</Filter>
    </ClInclude>
    <ClInclude Include="imconfig.h">
      <Filter>GameEngine\ImGui\Libraries</Filter>
    </ClInclude>
    <ClInclude Include="imgui.h">
      <Filter>GameEngine\ImGui\Libraries</Filter>
    </ClInclude>
    <ClInclude Include="imgui_impl_dx11.h">
      <Filter>GameEngine\ImGui\Libraries</Filter>
    </ClInclude>
    <ClInclude Include="imgui_impl_win32.h">
      <Filter>GameEngine\ImGui\Libraries</Filter>
    </ClInclude>
    <ClInclude Include="imgui_internal.h">
      <Filter>GameEngine\ImGui\Libraries</Filter>
    </ClInclude>
    <ClInclude Include="imstb_rectpack.h">
      <Filter>GameEngine\ImGui\Libraries</Filter>
    </ClInclude>
    <ClInclude Include="imstb_textedit.h">
      <Filter>GameEngine\ImGui\Libraries</Filter>
    </ClInclude>
    <ClInclude Include="imstb_truetype.h">
      <Filter>GameEngine\ImGui\Libraries</Filter>
    </ClInclude>
    <ClInclude Include="DebugWindow.h">
      <Filter>GameEngine\ImGui\Class</Filter>
    </ClInclude>
    <ClInclude Include="Utils.h">
      <Filter>GameEngine\GraphicsEngine\Math</Filter>
    </ClInclude>
    <ClInclude Include="IndexBuffer.h">
      <Filter>GameEngine\IndexBuffer</Filter>
    </ClInclude>
    <ClInclude Include="AGameObject.h">
      <Filter>GameEngine\GraphicsEngine\Primitives</Filter>
    </ClInclude>
    <ClInclude Include="Cube.h">
      <Filter>GameEngine\GraphicsEngine\Primitives</Filter>
    </ClInclude>
    <ClInclude Include="InputListener.h">
      <Filter>GameEngine\InputSystem</Filter>
    </ClInclude>
    <ClInclude Include="InputSystem.h">
      <Filter>GameEngine\InputSystem</Filter>
    </ClInclude>
    <ClInclude Include="Point.h">
      <Filter>GameEngine\GraphicsEngine\Math</Filter>
    </ClInclude>
    <ClInclude Include="Vector4D.h">
      <Filter>GameEngine\GraphicsEngine\Math</Filter>
    </ClInclude>
    <ClInclude Include="Camera.h" />
    <ClInclude Include="SceneCameraHandler.h" />
    <ClInclude Include="Plane.h">
      <Filter>GameEngine\GraphicsEngine\Primitives</Filter>
    </ClInclude>
    <ClInclude Include="AUIScreen.h">
      <Filter>GameEngine\User Interface</Filter>
    </ClInclude>
    <ClInclude Include="UIManager.h">
      <Filter>GameEngine\User Interface</Filter>
    </ClInclude>
    <ClInclude Include="EditorScreen.h">
      <Filter>GameEngine\User Interface\Screen</Filter>
    </ClInclude>
    <ClInclude Include="ColorPickerScreen.h">
      <Filter>GameEngine\User Interface\Screen</Filter>
    </ClInclude>
    <ClInclude Include="CreditScreen.h" />
    <ClInclude Include="stb_image.h">
      <Filter>GameEngine\Helper</Filter>
    </ClInclude>
  </ItemGroup>
  <ItemGroup>
    <FxCompile Include="VertexShader.hlsl">
      <Filter>GameEngine\Shaders</Filter>
    </FxCompile>
    <FxCompile Include="PixelShader.hlsl">
      <Filter>GameEngine\Shaders</Filter>
    </FxCompile>
  </ItemGroup>
  <ItemGroup>
    <Image Include="dlsu.png" />
  </ItemGroup>
</Project>